{
    "version": 3,
    "terraform_version": "0.11.10",
    "serial": 4,
    "lineage": "ee4bb19d-cbe5-587b-b8a0-bf447b16d6c4",
    "modules": [
        {
            "path": [
                "root"
            ],
            "outputs": {},
            "resources": {
                "google_compute_instance.default": {
                    "type": "google_compute_instance",
                    "depends_on": [],
                    "primary": {
                        "id": "go-server",
                        "attributes": {
                            "attached_disk.#": "0",
                            "boot_disk.#": "1",
                            "boot_disk.0.auto_delete": "true",
                            "boot_disk.0.device_name": "persistent-disk-0",
                            "boot_disk.0.disk_encryption_key_raw": "",
                            "boot_disk.0.disk_encryption_key_sha256": "",
                            "boot_disk.0.initialize_params.#": "1",
                            "boot_disk.0.initialize_params.0.image": "https://www.googleapis.com/compute/v1/projects/centos-cloud/global/images/centos-7-v20181210",
                            "boot_disk.0.initialize_params.0.size": "10",
                            "boot_disk.0.initialize_params.0.type": "pd-standard",
                            "boot_disk.0.source": "https://www.googleapis.com/compute/v1/projects/t-rider-219612/zones/europe-west2-c/disks/go-server",
                            "can_ip_forward": "false",
                            "cpu_platform": "Intel Broadwell",
                            "create_timeout": "4",
                            "deletion_protection": "false",
                            "guest_accelerator.#": "0",
                            "id": "go-server",
                            "instance_id": "3030786611403388651",
                            "label_fingerprint": "42WmSpB8rSM=",
                            "labels.%": "0",
                            "machine_type": "n1-standard-1",
                            "metadata.%": "1",
                            "metadata.sshKeys": "terraform:ssh-rsa AAAAB3NzaC1yc2EAAAADAQABAAABAQDUW/28kNRJ9gCr77o6NlBdyIiRYd9yXDn10IQxpCCHnp0d2KYAY93fbtKqMzoPYaiqoraUaUf++JnZCzhRO/HXIWfQnP6mpjlL9LrKWy8aDD8M2vP9xKwQizyOtpIO28WTEgVDT6P53UT73iR1dcDWhxp1c5xK5b48e5+8oVaYgujEP+5iwSrvjyd7XztEb54dEJptlmV17C13+EdXp58A0obN/vQXrZohc50elGaAxGeCw1+9UlYnxiubCOP1lgF5cg1V3EPh+pJe005m8XmjMxrl3AsS0u7g+A37FGMEdnUT19d4kS/eTXRqkk4RW6onPiwJ5/Lw4JnN0mxH0VS3 munirkakar505@instance-1\n",
                            "metadata_fingerprint": "aOSj4sh2m3Y=",
                            "metadata_startup_script": "",
                            "min_cpu_platform": "",
                            "name": "go-server",
                            "network_interface.#": "1",
                            "network_interface.0.access_config.#": "1",
                            "network_interface.0.access_config.0.assigned_nat_ip": "35.242.156.165",
                            "network_interface.0.access_config.0.nat_ip": "35.242.156.165",
                            "network_interface.0.access_config.0.network_tier": "PREMIUM",
                            "network_interface.0.access_config.0.public_ptr_domain_name": "",
                            "network_interface.0.address": "10.154.0.3",
                            "network_interface.0.alias_ip_range.#": "0",
                            "network_interface.0.name": "nic0",
                            "network_interface.0.network": "https://www.googleapis.com/compute/v1/projects/t-rider-219612/global/networks/default",
                            "network_interface.0.network_ip": "10.154.0.3",
                            "network_interface.0.subnetwork": "https://www.googleapis.com/compute/v1/projects/t-rider-219612/regions/europe-west2/subnetworks/default",
                            "network_interface.0.subnetwork_project": "t-rider-219612",
                            "project": "t-rider-219612",
                            "scheduling.#": "1",
                            "scheduling.0.automatic_restart": "false",
                            "scheduling.0.on_host_maintenance": "MIGRATE",
                            "scheduling.0.preemptible": "false",
                            "scratch_disk.#": "0",
                            "self_link": "https://www.googleapis.com/compute/v1/projects/t-rider-219612/zones/europe-west2-c/instances/go-server",
                            "service_account.#": "0",
                            "tags.#": "5",
                            "tags.1438809362": "jenkins",
                            "tags.1936433573": "https-server",
                            "tags.2449827549": "go-server",
                            "tags.3560713641": "python-http-server",
                            "tags.988335155": "http-server",
                            "tags_fingerprint": "PDs3ETAR0Fw=",
                            "zone": "europe-west2-c"
                        },
                        "meta": {
                            "e2bfb730-ecaa-11e6-8f88-34363bc7c4c0": {
                                "create": 360000000000,
                                "delete": 360000000000,
                                "update": 360000000000
                            },
                            "schema_version": "6"
                        },
                        "tainted": false
                    },
                    "deposed": [],
                    "provider": "provider.google"
                }
            },
            "depends_on": []
        }
    ]
}
