{
    "version": 3,
    "terraform_version": "0.11.10",
    "serial": 1,
    "lineage": "ee4bb19d-cbe5-587b-b8a0-bf447b16d6c4",
    "modules": [
        {
            "path": [
                "root"
            ],
            "outputs": {},
            "resources": {
                "google_compute_instance.default": {
                    "type": "google_compute_instance",
                    "depends_on": [],
                    "primary": {
                        "id": "jenkins-go-inst",
                        "attributes": {
                            "attached_disk.#": "0",
                            "boot_disk.#": "1",
                            "boot_disk.0.auto_delete": "true",
                            "boot_disk.0.device_name": "persistent-disk-0",
                            "boot_disk.0.disk_encryption_key_raw": "",
                            "boot_disk.0.disk_encryption_key_sha256": "",
                            "boot_disk.0.initialize_params.#": "1",
                            "boot_disk.0.initialize_params.0.image": "https://www.googleapis.com/compute/v1/projects/centos-cloud/global/images/centos-7-v20181113",
                            "boot_disk.0.initialize_params.0.size": "10",
                            "boot_disk.0.initialize_params.0.type": "pd-standard",
                            "boot_disk.0.source": "https://www.googleapis.com/compute/v1/projects/t-rider-219612/zones/europe-west2-c/disks/jenkins-go-inst",
                            "can_ip_forward": "false",
                            "cpu_platform": "Intel Broadwell",
                            "create_timeout": "4",
                            "deletion_protection": "false",
                            "guest_accelerator.#": "0",
                            "id": "jenkins-go-inst",
                            "instance_id": "3342973825548750381",
                            "label_fingerprint": "42WmSpB8rSM=",
                            "labels.%": "0",
                            "machine_type": "n1-standard-1",
                            "metadata.%": "1",
                            "metadata.sshKeys": "terraform:ssh-rsa AAAAB3NzaC1yc2EAAAADAQABAAABAQCapGh4K1ihmW9LCtSuVvv+ptXrNBZpivZrQ9rSuqTDl/3LPvI3wYDu/Rol+AruA0jR2aFriizQGcSXseleiHwYSZhUOUz+wq7ahVZzrDplKF1TwGuWuKhzfNIJ7WLA5bB/P9HIFS3Uxzet4NGHARcPNwP4P5LbU2HZ8qEemeWTnwoLahd0giil0R3VP4sonnFFyqos7bOPchigYqjd6cngyDpdPmPImm3Udy0a1gE3gC447uCfRxSi8seSODnTjDlBg3/4z3tX2yC+whOgkCgM+KaagWU9A0+9Gd16Bw0h/B4lhXrxqk+JAt6h+I5HaqutX1QQ8rfUFP+d/DhGsT2J munirkakar505@instance-1\n",
                            "metadata_fingerprint": "tGLy7C73PWk=",
                            "metadata_startup_script": "",
                            "min_cpu_platform": "",
                            "name": "jenkins-go-inst",
                            "network_interface.#": "1",
                            "network_interface.0.access_config.#": "1",
                            "network_interface.0.access_config.0.assigned_nat_ip": "35.242.131.177",
                            "network_interface.0.access_config.0.nat_ip": "35.242.131.177",
                            "network_interface.0.access_config.0.network_tier": "PREMIUM",
                            "network_interface.0.access_config.0.public_ptr_domain_name": "",
                            "network_interface.0.address": "10.154.0.3",
                            "network_interface.0.alias_ip_range.#": "0",
                            "network_interface.0.name": "nic0",
                            "network_interface.0.network": "https://www.googleapis.com/compute/v1/projects/t-rider-219612/global/networks/default",
                            "network_interface.0.network_ip": "10.154.0.3",
                            "network_interface.0.subnetwork": "https://www.googleapis.com/compute/v1/projects/t-rider-219612/regions/europe-west2/subnetworks/default",
                            "network_interface.0.subnetwork_project": "t-rider-219612",
                            "project": "t-rider-219612",
                            "scheduling.#": "1",
                            "scheduling.0.automatic_restart": "false",
                            "scheduling.0.on_host_maintenance": "MIGRATE",
                            "scheduling.0.preemptible": "false",
                            "scratch_disk.#": "0",
                            "self_link": "https://www.googleapis.com/compute/v1/projects/t-rider-219612/zones/europe-west2-c/instances/jenkins-go-inst",
                            "service_account.#": "0",
                            "tags.#": "5",
                            "tags.1438809362": "jenkins",
                            "tags.1936433573": "https-server",
                            "tags.2449827549": "go-server",
                            "tags.3560713641": "python-http-server",
                            "tags.988335155": "http-server",
                            "tags_fingerprint": "PDs3ETAR0Fw=",
                            "zone": "europe-west2-c"
                        },
                        "meta": {
                            "e2bfb730-ecaa-11e6-8f88-34363bc7c4c0": {
                                "create": 360000000000,
                                "delete": 360000000000,
                                "update": 360000000000
                            },
                            "schema_version": "6"
                        },
                        "tainted": false
                    },
                    "deposed": [],
                    "provider": "provider.google"
                }
            },
            "depends_on": []
        }
    ]
}
